{"filter":false,"title":"Gemfile.lock","tooltip":"/Gemfile.lock","undoManager":{"mark":-1,"position":-1,"stack":[]},"ace":{"folds":[],"scrolltop":438,"scrollleft":0,"selection":{"start":{"row":116,"column":17},"end":{"row":116,"column":17},"isBackwards":false},"options":{"guessTabSize":true,"useWrapMode":false,"wrapToView":true},"firstLineState":{"row":30,"state":"start","mode":"ace/mode/text"}},"timestamp":1448058301655,"hash":"bd7597a6cbbac9dc3779ab8614dd2547cbb4dbeb"}